{
  "nodes": {
    "home-manager": {
      "inputs": {
        "nixpkgs": [
          "nixpkgs"
        ]
      },
      "locked": {
        "lastModified": 1768512489,
        "narHash": "sha256-jZi945d3e6DYhrw3K5Pew+QaL3qSgq3O6xiVaEVLgXs=",
        "owner": "nix-community",
        "repo": "home-manager",
        "rev": "bba859cd85b90dd9e4e6fd44b2af4aa64ae801a1",
        "type": "github"
      },
      "original": {
        "owner": "nix-community",
        "repo": "home-manager",
        "type": "github"
      }
    },
    "nixpkgs": {
      "locked": {
        "lastModified": 1768305791,
        "narHash": "sha256-AIdl6WAn9aymeaH/NvBj0H9qM+XuAuYbGMZaP0zcXAQ=",
        "owner": "nixos",
        "repo": "nixpkgs",
        "rev": "1412caf7bf9e660f2f962917c14b1ea1c3bc695e",
        "type": "github"
      },
      "original": {
        "owner": "nixos",
        "ref": "nixos-unstable",
        "repo": "nixpkgs",
        "type": "github"
      }
    },
    "nixpkgs-stable": {
      "locked": {
        "lastModified": 1767313136,
        "narHash": "sha256-16KkgfdYqjaeRGBaYsNrhPRRENs0qzkQVUooNHtoy2w=",
        "owner": "Nixos",
        "repo": "nixpkgs",
        "rev": "ac62194c3917d5f474c1a844b6fd6da2db95077d",
        "type": "github"
      },
      "original": {
        "owner": "Nixos",
        "ref": "nixos-25.05",
        "repo": "nixpkgs",
        "type": "github"
      }
    },
    "noctalia": {
      "inputs": {
        "nixpkgs": [
          "nixpkgs"
        ]
      },
      "locked": {
        "lastModified": 1768515139,
        "narHash": "sha256-9Os2E1HATAeEFiiNveXNzziCOxSXW7Tbyn+Wv8nPvYE=",
        "owner": "noctalia-dev",
        "repo": "noctalia-shell",
        "rev": "548007724dd64cc4d7285b6d7abe9cac123e00ce",
        "type": "github"
      },
      "original": {
        "owner": "noctalia-dev",
        "repo": "noctalia-shell",
        "type": "github"
      }
    },
    "root": {
      "inputs": {
        "home-manager": "home-manager",
        "nixpkgs": "nixpkgs",
        "nixpkgs-stable": "nixpkgs-stable",
        "noctalia": "noctalia",
        "sops-nix": "sops-nix",
        "zen-browser": "zen-browser"
      }
    },
    "sops-nix": {
      "inputs": {
        "nixpkgs": [
          "nixpkgs"
        ]
      },
      "locked": {
        "lastModified": 1768481291,
        "narHash": "sha256-NjKtkJraCZEnLHAJxLTI+BfdU//9coAz9p5TqveZwPU=",
        "owner": "Mic92",
        "repo": "sops-nix",
        "rev": "e085e303dfcce21adcb5fec535d65aacb066f101",
        "type": "github"
      },
      "original": {
        "owner": "Mic92",
        "repo": "sops-nix",
        "type": "github"
      }
    },
    "zen-browser": {
      "inputs": {
        "nixpkgs": [
          "nixpkgs"
        ]
      },
      "locked": {
        "lastModified": 1767618227,
        "narHash": "sha256-9+XVF47E9NCVs249SSsDtr7YdG/23/lCJmWAjQvOfqI=",
        "owner": "youwen5",
        "repo": "zen-browser-flake",
        "rev": "1586e49b3908b058e221f11d843eb46392dba17b",
        "type": "github"
      },
      "original": {
        "owner": "youwen5",
        "repo": "zen-browser-flake",
        "type": "github"
      }
    }
  },
  "root": "root",
  "version": 7
}
